
Microsoft Visual Studio Solution File, Format Version 12.00
# Visual Studio Version 16
VisualStudioVersion = 16.0.30114.105
MinimumVisualStudioVersion = 10.0.40219.1
Project("{FAE04EC0-301F-11D3-BF4B-00C04F79EFBC}") = "RayMarchingGUI", "RayMarchingGUI\RayMarchingGUI.csproj", "{57EB4F42-7102-4936-ACFF-151F973B72C4}"
EndProject
Project("{FAE04EC0-301F-11D3-BF4B-00C04F79EFBC}") = "ComputerGraphicsExtensions", "ComputerGraphicsExtensions\ComputerGraphicsExtensions.csproj", "{F3A27D71-64F6-435A-A761-17CF01A8C5E1}"
EndProject
Global
	GlobalSection(SolutionConfigurationPlatforms) = preSolution
		Debug|Any CPU = Debug|Any CPU
		Release|Any CPU = Release|Any CPU
	EndGlobalSection
	GlobalSection(ProjectConfigurationPlatforms) = postSolution
		{57EB4F42-7102-4936-ACFF-151F973B72C4}.Debug|Any CPU.ActiveCfg = Debug|Any CPU
		{57EB4F42-7102-4936-ACFF-151F973B72C4}.Debug|Any CPU.Build.0 = Debug|Any CPU
		{57EB4F42-7102-4936-ACFF-151F973B72C4}.Release|Any CPU.ActiveCfg = Release|Any CPU
		{57EB4F42-7102-4936-ACFF-151F973B72C4}.Release|Any CPU.Build.0 = Release|Any CPU
		{F3A27D71-64F6-435A-A761-17CF01A8C5E1}.Debug|Any CPU.ActiveCfg = Debug|Any CPU
		{F3A27D71-64F6-435A-A761-17CF01A8C5E1}.Debug|Any CPU.Build.0 = Debug|Any CPU
		{F3A27D71-64F6-435A-A761-17CF01A8C5E1}.Release|Any CPU.ActiveCfg = Release|Any CPU
		{F3A27D71-64F6-435A-A761-17CF01A8C5E1}.Release|Any CPU.Build.0 = Release|Any CPU
	EndGlobalSection
	GlobalSection(SolutionProperties) = preSolution
		HideSolutionNode = FALSE
	EndGlobalSection
	GlobalSection(ExtensibilityGlobals) = postSolution
		SolutionGuid = {3FDF0E07-75C5-4402-B229-A0BFB33335E4}
	EndGlobalSection
EndGlobal
